
Microsoft Visual Studio Solution File, Format Version 12.00
# Visual Studio 15
VisualStudioVersion = 15.0.28307.1062
MinimumVisualStudioVersion = 10.0.40219.1
Project("{FAE04EC0-301F-11D3-BF4B-00C04F79EFBC}") = "ScrawlForm", "ScrawlForm\ScrawlForm.csproj", "{4E03C29A-C0F1-4416-8323-6B03C89F3567}"
EndProject
Global
	GlobalSection(SolutionConfigurationPlatforms) = preSolution
		Debug|Any CPU = Debug|Any CPU
		Release|Any CPU = Release|Any CPU
	EndGlobalSection
	GlobalSection(ProjectConfigurationPlatforms) = postSolution
		{4E03C29A-C0F1-4416-8323-6B03C89F3567}.Debug|Any CPU.ActiveCfg = Debug|Any CPU
		{4E03C29A-C0F1-4416-8323-6B03C89F3567}.Debug|Any CPU.Build.0 = Debug|Any CPU
		{4E03C29A-C0F1-4416-8323-6B03C89F3567}.Release|Any CPU.ActiveCfg = Release|Any CPU
		{4E03C29A-C0F1-4416-8323-6B03C89F3567}.Release|Any CPU.Build.0 = Release|Any CPU
	EndGlobalSection
	GlobalSection(SolutionProperties) = preSolution
		HideSolutionNode = FALSE
	EndGlobalSection
	GlobalSection(ExtensibilityGlobals) = postSolution
		SolutionGuid = {A6B96321-8220-43B9-9E5D-DCB677987376}
	EndGlobalSection
EndGlobal
