
Microsoft Visual Studio Solution File, Format Version 12.00
# Visual Studio 15
VisualStudioVersion = 15.0.28307.1062
MinimumVisualStudioVersion = 10.0.40219.1
Project("{FAE04EC0-301F-11D3-BF4B-00C04F79EFBC}") = "HomeWork8", "HomeWork8\HomeWork8.csproj", "{4BB4D626-A16B-4AD0-955E-43021FBD04E6}"
EndProject
Project("{FAE04EC0-301F-11D3-BF4B-00C04F79EFBC}") = "OrderForm", "OrderForm\OrderForm.csproj", "{0FE9EB9E-3DDB-4B2F-B717-5CB43CB7901C}"
EndProject
Global
	GlobalSection(SolutionConfigurationPlatforms) = preSolution
		Debug|Any CPU = Debug|Any CPU
		Release|Any CPU = Release|Any CPU
	EndGlobalSection
	GlobalSection(ProjectConfigurationPlatforms) = postSolution
		{4BB4D626-A16B-4AD0-955E-43021FBD04E6}.Debug|Any CPU.ActiveCfg = Debug|Any CPU
		{4BB4D626-A16B-4AD0-955E-43021FBD04E6}.Debug|Any CPU.Build.0 = Debug|Any CPU
		{4BB4D626-A16B-4AD0-955E-43021FBD04E6}.Release|Any CPU.ActiveCfg = Release|Any CPU
		{4BB4D626-A16B-4AD0-955E-43021FBD04E6}.Release|Any CPU.Build.0 = Release|Any CPU
		{0FE9EB9E-3DDB-4B2F-B717-5CB43CB7901C}.Debug|Any CPU.ActiveCfg = Debug|Any CPU
		{0FE9EB9E-3DDB-4B2F-B717-5CB43CB7901C}.Debug|Any CPU.Build.0 = Debug|Any CPU
		{0FE9EB9E-3DDB-4B2F-B717-5CB43CB7901C}.Release|Any CPU.ActiveCfg = Release|Any CPU
		{0FE9EB9E-3DDB-4B2F-B717-5CB43CB7901C}.Release|Any CPU.Build.0 = Release|Any CPU
	EndGlobalSection
	GlobalSection(SolutionProperties) = preSolution
		HideSolutionNode = FALSE
	EndGlobalSection
	GlobalSection(ExtensibilityGlobals) = postSolution
		SolutionGuid = {8868F188-EE74-4FB1-8817-C983899CD972}
	EndGlobalSection
EndGlobal
